
Microsoft Visual Studio Solution File, Format Version 12.00
# Visual Studio 15
VisualStudioVersion = 15.0.28010.2019
MinimumVisualStudioVersion = 10.0.40219.1
Project("{FAE04EC0-301F-11D3-BF4B-00C04F79EFBC}") = "UsersLogic", "Logic\UsersLogic.csproj", "{1D6032D2-C6DA-435C-9C5D-17EDF7A8D102}"
EndProject
Project("{FAE04EC0-301F-11D3-BF4B-00C04F79EFBC}") = "LogicTest", "LogicTest\LogicTest.csproj", "{51BA2982-55EC-4776-8F82-B715A2FFB05C}"
EndProject
Project("{FAE04EC0-301F-11D3-BF4B-00C04F79EFBC}") = "DataAccess", "DataAccess\DataAccess.csproj", "{3EA50AC5-8184-4342-8F3C-848F2CAB1D1A}"
EndProject
Project("{FAE04EC0-301F-11D3-BF4B-00C04F79EFBC}") = "GameLogicTest", "GameLogicTest\GameLogicTest.csproj", "{D9077853-3B99-4BAB-B970-84E71C5B5B4F}"
EndProject
Project("{FAE04EC0-301F-11D3-BF4B-00C04F79EFBC}") = "GameLogic", "GameLogic\GameLogic.csproj", "{CD382591-EC53-46E1-BD7C-C1330B456505}"
EndProject
Project("{FAE04EC0-301F-11D3-BF4B-00C04F79EFBC}") = "Protocol", "Protocol\Protocol.csproj", "{E0F8E2AF-1558-42F8-9CCD-607090283875}"
EndProject
Project("{FAE04EC0-301F-11D3-BF4B-00C04F79EFBC}") = "Network", "Network\Network.csproj", "{0F818E5E-8192-4678-88B4-C4D0D4E05497}"
EndProject
Project("{FAE04EC0-301F-11D3-BF4B-00C04F79EFBC}") = "GameClient", "GameClient\GameClient.csproj", "{DE5A225F-46D7-4716-9879-3DCF0287DAD4}"
EndProject
Project("{FAE04EC0-301F-11D3-BF4B-00C04F79EFBC}") = "Services", "Services\Services.csproj", "{6826EE4D-7AAE-48DD-A31D-7AF6938187CC}"
EndProject
Project("{FAE04EC0-301F-11D3-BF4B-00C04F79EFBC}") = "GameServer", "GameServer\GameServer.csproj", "{0A59714F-C81C-4FE4-B409-444A48258DF8}"
EndProject
Project("{FAE04EC0-301F-11D3-BF4B-00C04F79EFBC}") = "AdministrativeServer", "AdministrativeServer\AdministrativeServer.csproj", "{5F220DF7-1B1F-4BF0-A617-3B6E61C619BB}"
EndProject
Project("{FAE04EC0-301F-11D3-BF4B-00C04F79EFBC}") = "RemoteServicesContracts", "RemoteServicesContracts\RemoteServicesContracts.csproj", "{6953AEA9-3E26-4577-915B-83BFBB56AC08}"
EndProject
Global
	GlobalSection(SolutionConfigurationPlatforms) = preSolution
		Debug|Any CPU = Debug|Any CPU
		Release|Any CPU = Release|Any CPU
	EndGlobalSection
	GlobalSection(ProjectConfigurationPlatforms) = postSolution
		{1D6032D2-C6DA-435C-9C5D-17EDF7A8D102}.Debug|Any CPU.ActiveCfg = Debug|Any CPU
		{1D6032D2-C6DA-435C-9C5D-17EDF7A8D102}.Debug|Any CPU.Build.0 = Debug|Any CPU
		{1D6032D2-C6DA-435C-9C5D-17EDF7A8D102}.Release|Any CPU.ActiveCfg = Release|Any CPU
		{1D6032D2-C6DA-435C-9C5D-17EDF7A8D102}.Release|Any CPU.Build.0 = Release|Any CPU
		{51BA2982-55EC-4776-8F82-B715A2FFB05C}.Debug|Any CPU.ActiveCfg = Debug|Any CPU
		{51BA2982-55EC-4776-8F82-B715A2FFB05C}.Debug|Any CPU.Build.0 = Debug|Any CPU
		{51BA2982-55EC-4776-8F82-B715A2FFB05C}.Release|Any CPU.ActiveCfg = Release|Any CPU
		{51BA2982-55EC-4776-8F82-B715A2FFB05C}.Release|Any CPU.Build.0 = Release|Any CPU
		{3EA50AC5-8184-4342-8F3C-848F2CAB1D1A}.Debug|Any CPU.ActiveCfg = Debug|Any CPU
		{3EA50AC5-8184-4342-8F3C-848F2CAB1D1A}.Debug|Any CPU.Build.0 = Debug|Any CPU
		{3EA50AC5-8184-4342-8F3C-848F2CAB1D1A}.Release|Any CPU.ActiveCfg = Release|Any CPU
		{3EA50AC5-8184-4342-8F3C-848F2CAB1D1A}.Release|Any CPU.Build.0 = Release|Any CPU
		{D9077853-3B99-4BAB-B970-84E71C5B5B4F}.Debug|Any CPU.ActiveCfg = Debug|Any CPU
		{D9077853-3B99-4BAB-B970-84E71C5B5B4F}.Debug|Any CPU.Build.0 = Debug|Any CPU
		{D9077853-3B99-4BAB-B970-84E71C5B5B4F}.Release|Any CPU.ActiveCfg = Release|Any CPU
		{D9077853-3B99-4BAB-B970-84E71C5B5B4F}.Release|Any CPU.Build.0 = Release|Any CPU
		{CD382591-EC53-46E1-BD7C-C1330B456505}.Debug|Any CPU.ActiveCfg = Debug|Any CPU
		{CD382591-EC53-46E1-BD7C-C1330B456505}.Debug|Any CPU.Build.0 = Debug|Any CPU
		{CD382591-EC53-46E1-BD7C-C1330B456505}.Release|Any CPU.ActiveCfg = Release|Any CPU
		{CD382591-EC53-46E1-BD7C-C1330B456505}.Release|Any CPU.Build.0 = Release|Any CPU
		{E0F8E2AF-1558-42F8-9CCD-607090283875}.Debug|Any CPU.ActiveCfg = Debug|Any CPU
		{E0F8E2AF-1558-42F8-9CCD-607090283875}.Debug|Any CPU.Build.0 = Debug|Any CPU
		{E0F8E2AF-1558-42F8-9CCD-607090283875}.Release|Any CPU.ActiveCfg = Release|Any CPU
		{E0F8E2AF-1558-42F8-9CCD-607090283875}.Release|Any CPU.Build.0 = Release|Any CPU
		{0F818E5E-8192-4678-88B4-C4D0D4E05497}.Debug|Any CPU.ActiveCfg = Debug|Any CPU
		{0F818E5E-8192-4678-88B4-C4D0D4E05497}.Debug|Any CPU.Build.0 = Debug|Any CPU
		{0F818E5E-8192-4678-88B4-C4D0D4E05497}.Release|Any CPU.ActiveCfg = Release|Any CPU
		{0F818E5E-8192-4678-88B4-C4D0D4E05497}.Release|Any CPU.Build.0 = Release|Any CPU
		{DE5A225F-46D7-4716-9879-3DCF0287DAD4}.Debug|Any CPU.ActiveCfg = Debug|Any CPU
		{DE5A225F-46D7-4716-9879-3DCF0287DAD4}.Debug|Any CPU.Build.0 = Debug|Any CPU
		{DE5A225F-46D7-4716-9879-3DCF0287DAD4}.Release|Any CPU.ActiveCfg = Release|Any CPU
		{DE5A225F-46D7-4716-9879-3DCF0287DAD4}.Release|Any CPU.Build.0 = Release|Any CPU
		{6826EE4D-7AAE-48DD-A31D-7AF6938187CC}.Debug|Any CPU.ActiveCfg = Debug|Any CPU
		{6826EE4D-7AAE-48DD-A31D-7AF6938187CC}.Debug|Any CPU.Build.0 = Debug|Any CPU
		{6826EE4D-7AAE-48DD-A31D-7AF6938187CC}.Release|Any CPU.ActiveCfg = Release|Any CPU
		{6826EE4D-7AAE-48DD-A31D-7AF6938187CC}.Release|Any CPU.Build.0 = Release|Any CPU
		{0A59714F-C81C-4FE4-B409-444A48258DF8}.Debug|Any CPU.ActiveCfg = Debug|Any CPU
		{0A59714F-C81C-4FE4-B409-444A48258DF8}.Debug|Any CPU.Build.0 = Debug|Any CPU
		{0A59714F-C81C-4FE4-B409-444A48258DF8}.Release|Any CPU.ActiveCfg = Release|Any CPU
		{0A59714F-C81C-4FE4-B409-444A48258DF8}.Release|Any CPU.Build.0 = Release|Any CPU
		{5F220DF7-1B1F-4BF0-A617-3B6E61C619BB}.Debug|Any CPU.ActiveCfg = Debug|Any CPU
		{5F220DF7-1B1F-4BF0-A617-3B6E61C619BB}.Debug|Any CPU.Build.0 = Debug|Any CPU
		{5F220DF7-1B1F-4BF0-A617-3B6E61C619BB}.Release|Any CPU.ActiveCfg = Release|Any CPU
		{5F220DF7-1B1F-4BF0-A617-3B6E61C619BB}.Release|Any CPU.Build.0 = Release|Any CPU
		{6953AEA9-3E26-4577-915B-83BFBB56AC08}.Debug|Any CPU.ActiveCfg = Debug|Any CPU
		{6953AEA9-3E26-4577-915B-83BFBB56AC08}.Debug|Any CPU.Build.0 = Debug|Any CPU
		{6953AEA9-3E26-4577-915B-83BFBB56AC08}.Release|Any CPU.ActiveCfg = Release|Any CPU
		{6953AEA9-3E26-4577-915B-83BFBB56AC08}.Release|Any CPU.Build.0 = Release|Any CPU
	EndGlobalSection
	GlobalSection(SolutionProperties) = preSolution
		HideSolutionNode = FALSE
	EndGlobalSection
	GlobalSection(ExtensibilityGlobals) = postSolution
		SolutionGuid = {D9D89FBB-C5DC-41C2-9A15-425814631B18}
	EndGlobalSection
EndGlobal
